
Microsoft Visual Studio Solution File, Format Version 12.00
# Visual Studio Version 16
VisualStudioVersion = 16.0.28803.156
MinimumVisualStudioVersion = 10.0.40219.1
Project("{FAE04EC0-301F-11D3-BF4B-00C04F79EFBC}") = "Zuul", "Zuul.csproj", "{89B9EAC6-CD28-491A-A687-BC80B57FE538}"
EndProject
Global
	GlobalSection(SolutionConfigurationPlatforms) = preSolution
		Debug|Any CPU = Debug|Any CPU
		Release|Any CPU = Release|Any CPU
	EndGlobalSection
	GlobalSection(ProjectConfigurationPlatforms) = postSolution
		{89B9EAC6-CD28-491A-A687-BC80B57FE538}.Debug|Any CPU.ActiveCfg = Debug|Any CPU
		{89B9EAC6-CD28-491A-A687-BC80B57FE538}.Debug|Any CPU.Build.0 = Debug|Any CPU
		{89B9EAC6-CD28-491A-A687-BC80B57FE538}.Release|Any CPU.ActiveCfg = Release|Any CPU
		{89B9EAC6-CD28-491A-A687-BC80B57FE538}.Release|Any CPU.Build.0 = Release|Any CPU
	EndGlobalSection
	GlobalSection(SolutionProperties) = preSolution
		HideSolutionNode = FALSE
	EndGlobalSection
	GlobalSection(ExtensibilityGlobals) = postSolution
		SolutionGuid = {A2EF6B3B-49CE-4405-8AC3-BEDEF716FAD8}
	EndGlobalSection
EndGlobal
